
Microsoft Visual Studio Solution File, Format Version 12.00
# Visual Studio Version 17
VisualStudioVersion = 17.8.34408.163
MinimumVisualStudioVersion = 10.0.40219.1
Project("{2150E333-8FDC-42A3-9474-1A3956D46DE8}") = "Applications", "Applications", "{CE15755D-36CD-4AA8-893C-B46273F2DE99}"
EndProject
Project("{2150E333-8FDC-42A3-9474-1A3956D46DE8}") = "Libraries", "Libraries", "{C087D56E-E20F-4048-827D-6EE0514F9E7B}"
EndProject
Project("{FAE04EC0-301F-11D3-BF4B-00C04F79EFBC}") = "SV20T1020136.Web", "SV20T1020136.Web\SV20T1020136.Web.csproj", "{5A7EFF1C-D640-450C-898D-2101A7720E21}"
EndProject
Project("{FAE04EC0-301F-11D3-BF4B-00C04F79EFBC}") = "SV20T1020136.DomainModels", "SV20T1020136.DomainModels\SV20T1020136.DomainModels.csproj", "{91A96571-A8B1-4B9D-8835-BE6572653A5F}"
EndProject
Project("{FAE04EC0-301F-11D3-BF4B-00C04F79EFBC}") = "SV20T1020136.DataLayers", "SV20T1020136.DataLayers\SV20T1020136.DataLayers.csproj", "{5C15BA5B-4F8A-4585-9FAF-0658EC615734}"
EndProject
Project("{FAE04EC0-301F-11D3-BF4B-00C04F79EFBC}") = "SV20T1020136.BusinessLayers", "SV20T1020136.BusinessLayers\SV20T1020136.BusinessLayers.csproj", "{683F9162-AA64-428C-B053-AC3C814D0AB9}"
EndProject
Global
	GlobalSection(SolutionConfigurationPlatforms) = preSolution
		Debug|Any CPU = Debug|Any CPU
		Release|Any CPU = Release|Any CPU
	EndGlobalSection
	GlobalSection(ProjectConfigurationPlatforms) = postSolution
		{5A7EFF1C-D640-450C-898D-2101A7720E21}.Debug|Any CPU.ActiveCfg = Debug|Any CPU
		{5A7EFF1C-D640-450C-898D-2101A7720E21}.Debug|Any CPU.Build.0 = Debug|Any CPU
		{5A7EFF1C-D640-450C-898D-2101A7720E21}.Release|Any CPU.ActiveCfg = Release|Any CPU
		{5A7EFF1C-D640-450C-898D-2101A7720E21}.Release|Any CPU.Build.0 = Release|Any CPU
		{91A96571-A8B1-4B9D-8835-BE6572653A5F}.Debug|Any CPU.ActiveCfg = Debug|Any CPU
		{91A96571-A8B1-4B9D-8835-BE6572653A5F}.Debug|Any CPU.Build.0 = Debug|Any CPU
		{91A96571-A8B1-4B9D-8835-BE6572653A5F}.Release|Any CPU.ActiveCfg = Release|Any CPU
		{91A96571-A8B1-4B9D-8835-BE6572653A5F}.Release|Any CPU.Build.0 = Release|Any CPU
		{5C15BA5B-4F8A-4585-9FAF-0658EC615734}.Debug|Any CPU.ActiveCfg = Debug|Any CPU
		{5C15BA5B-4F8A-4585-9FAF-0658EC615734}.Debug|Any CPU.Build.0 = Debug|Any CPU
		{5C15BA5B-4F8A-4585-9FAF-0658EC615734}.Release|Any CPU.ActiveCfg = Release|Any CPU
		{5C15BA5B-4F8A-4585-9FAF-0658EC615734}.Release|Any CPU.Build.0 = Release|Any CPU
		{683F9162-AA64-428C-B053-AC3C814D0AB9}.Debug|Any CPU.ActiveCfg = Debug|Any CPU
		{683F9162-AA64-428C-B053-AC3C814D0AB9}.Debug|Any CPU.Build.0 = Debug|Any CPU
		{683F9162-AA64-428C-B053-AC3C814D0AB9}.Release|Any CPU.ActiveCfg = Release|Any CPU
		{683F9162-AA64-428C-B053-AC3C814D0AB9}.Release|Any CPU.Build.0 = Release|Any CPU
	EndGlobalSection
	GlobalSection(SolutionProperties) = preSolution
		HideSolutionNode = FALSE
	EndGlobalSection
	GlobalSection(NestedProjects) = preSolution
		{5A7EFF1C-D640-450C-898D-2101A7720E21} = {CE15755D-36CD-4AA8-893C-B46273F2DE99}
		{91A96571-A8B1-4B9D-8835-BE6572653A5F} = {C087D56E-E20F-4048-827D-6EE0514F9E7B}
		{5C15BA5B-4F8A-4585-9FAF-0658EC615734} = {C087D56E-E20F-4048-827D-6EE0514F9E7B}
		{683F9162-AA64-428C-B053-AC3C814D0AB9} = {C087D56E-E20F-4048-827D-6EE0514F9E7B}
	EndGlobalSection
	GlobalSection(ExtensibilityGlobals) = postSolution
		SolutionGuid = {5FF95481-CCCD-4640-97AC-E84D160DACC2}
	EndGlobalSection
EndGlobal
